// !$*UTF8*$!
{
	archiveVersion = 1;
	classes = {
	};
	objectVersion = 50;
	objects = {

/* Begin PBXBuildFile section */
		7406ED3525886646003C9D1D /* LocationContentView.swift in Sources */ = {isa = PBXBuildFile; fileRef = 7406ED3425886646003C9D1D /* LocationContentView.swift */; };
		741EA4EA2587B35B003CF25B /* GetMyLocationApp.swift in Sources */ = {isa = PBXBuildFile; fileRef = 741EA4E92587B35B003CF25B /* GetMyLocationApp.swift */; };
		741EA4EC2587B35B003CF25B /* ContentView.swift in Sources */ = {isa = PBXBuildFile; fileRef = 741EA4EB2587B35B003CF25B /* ContentView.swift */; };
		741EA4EE2587B35D003CF25B /* Assets.xcassets in Resources */ = {isa = PBXBuildFile; fileRef = 741EA4ED2587B35D003CF25B /* Assets.xcassets */; };
		741EA4F12587B35D003CF25B /* Preview Assets.xcassets in Resources */ = {isa = PBXBuildFile; fileRef = 741EA4F02587B35D003CF25B /* Preview Assets.xcassets */; };
		741EA4FA2587B430003CF25B /* CoreLocationManager.swift in Sources */ = {isa = PBXBuildFile; fileRef = 741EA4F92587B430003CF25B /* CoreLocationManager.swift */; };
		741EA503258805B9003CF25B /* PermissionNotGrantedView.swift in Sources */ = {isa = PBXBuildFile; fileRef = 741EA502258805B9003CF25B /* PermissionNotGrantedView.swift */; };
		741EA50725880689003CF25B /* LocationInfoView.swift in Sources */ = {isa = PBXBuildFile; fileRef = 741EA50625880689003CF25B /* LocationInfoView.swift */; };
		741EA51625881571003CF25B /* MapView.swift in Sources */ = {isa = PBXBuildFile; fileRef = 741EA51525881571003CF25B /* MapView.swift */; };
/* End PBXBuildFile section */

/* Begin PBXFileReference section */
		7406ED3425886646003C9D1D /* LocationContentView.swift */ = {isa = PBXFileReference; lastKnownFileType = sourcecode.swift; path = LocationContentView.swift; sourceTree = "<group>"; };
		741EA4E62587B35B003CF25B /* GetMyLocation.app */ = {isa = PBXFileReference; explicitFileType = wrapper.application; includeInIndex = 0; path = GetMyLocation.app; sourceTree = BUILT_PRODUCTS_DIR; };
		741EA4E92587B35B003CF25B /* GetMyLocationApp.swift */ = {isa = PBXFileReference; lastKnownFileType = sourcecode.swift; path = GetMyLocationApp.swift; sourceTree = "<group>"; };
		741EA4EB2587B35B003CF25B /* ContentView.swift */ = {isa = PBXFileReference; lastKnownFileType = sourcecode.swift; path = ContentView.swift; sourceTree = "<group>"; };
		741EA4ED2587B35D003CF25B /* Assets.xcassets */ = {isa = PBXFileReference; lastKnownFileType = folder.assetcatalog; path = Assets.xcassets; sourceTree = "<group>"; };
		741EA4F02587B35D003CF25B /* Preview Assets.xcassets */ = {isa = PBXFileReference; lastKnownFileType = folder.assetcatalog; path = "Preview Assets.xcassets"; sourceTree = "<group>"; };
		741EA4F22587B35D003CF25B /* Info.plist */ = {isa = PBXFileReference; lastKnownFileType = text.plist.xml; path = Info.plist; sourceTree = "<group>"; };
		741EA4F92587B430003CF25B /* CoreLocationManager.swift */ = {isa = PBXFileReference; lastKnownFileType = sourcecode.swift; path = CoreLocationManager.swift; sourceTree = "<group>"; };
		741EA502258805B9003CF25B /* PermissionNotGrantedView.swift */ = {isa = PBXFileReference; lastKnownFileType = sourcecode.swift; path = PermissionNotGrantedView.swift; sourceTree = "<group>"; };
		741EA50625880689003CF25B /* LocationInfoView.swift */ = {isa = PBXFileReference; lastKnownFileType = sourcecode.swift; path = LocationInfoView.swift; sourceTree = "<group>"; };
		741EA51525881571003CF25B /* MapView.swift */ = {isa = PBXFileReference; lastKnownFileType = sourcecode.swift; path = MapView.swift; sourceTree = "<group>"; };
/* End PBXFileReference section */

/* Begin PBXFrameworksBuildPhase section */
		741EA4E32587B35B003CF25B /* Frameworks */ = {
			isa = PBXFrameworksBuildPhase;
			buildActionMask = 2147483647;
			files = (
			);
			runOnlyForDeploymentPostprocessing = 0;
		};
/* End PBXFrameworksBuildPhase section */

/* Begin PBXGroup section */
		741EA4DD2587B35B003CF25B = {
			isa = PBXGroup;
			children = (
				741EA4E82587B35B003CF25B /* GetMyLocation */,
				741EA4E72587B35B003CF25B /* Products */,
			);
			sourceTree = "<group>";
		};
		741EA4E72587B35B003CF25B /* Products */ = {
			isa = PBXGroup;
			children = (
				741EA4E62587B35B003CF25B /* GetMyLocation.app */,
			);
			name = Products;
			sourceTree = "<group>";
		};
		741EA4E82587B35B003CF25B /* GetMyLocation */ = {
			isa = PBXGroup;
			children = (
				741EA4E92587B35B003CF25B /* GetMyLocationApp.swift */,
				741EA4F92587B430003CF25B /* CoreLocationManager.swift */,
				741EA5012588056F003CF25B /* Views */,
				741EA4ED2587B35D003CF25B /* Assets.xcassets */,
				741EA4F22587B35D003CF25B /* Info.plist */,
				741EA4EF2587B35D003CF25B /* Preview Content */,
			);
			path = GetMyLocation;
			sourceTree = "<group>";
		};
		741EA4EF2587B35D003CF25B /* Preview Content */ = {
			isa = PBXGroup;
			children = (
				741EA4F02587B35D003CF25B /* Preview Assets.xcassets */,
			);
			path = "Preview Content";
			sourceTree = "<group>";
		};
		741EA5012588056F003CF25B /* Views */ = {
			isa = PBXGroup;
			children = (
				741EA4EB2587B35B003CF25B /* ContentView.swift */,
				7406ED3425886646003C9D1D /* LocationContentView.swift */,
				741EA502258805B9003CF25B /* PermissionNotGrantedView.swift */,
				741EA50625880689003CF25B /* LocationInfoView.swift */,
				741EA51525881571003CF25B /* MapView.swift */,
			);
			path = Views;
			sourceTree = "<group>";
		};
/* End PBXGroup section */

/* Begin PBXNativeTarget section */
		741EA4E52587B35B003CF25B /* GetMyLocation */ = {
			isa = PBXNativeTarget;
			buildConfigurationList = 741EA4F52587B35D003CF25B /* Build configuration list for PBXNativeTarget "GetMyLocation" */;
			buildPhases = (
				741EA4E22587B35B003CF25B /* Sources */,
				741EA4E32587B35B003CF25B /* Frameworks */,
				741EA4E42587B35B003CF25B /* Resources */,
			);
			buildRules = (
			);
			dependencies = (
			);
			name = GetMyLocation;
			productName = GetMyLocation;
			productReference = 741EA4E62587B35B003CF25B /* GetMyLocation.app */;
			productType = "com.apple.product-type.application";
		};
/* End PBXNativeTarget section */

/* Begin PBXProject section */
		741EA4DE2587B35B003CF25B /* Project object */ = {
			isa = PBXProject;
			attributes = {
				LastSwiftUpdateCheck = 1220;
				LastUpgradeCheck = 1220;
				TargetAttributes = {
					741EA4E52587B35B003CF25B = {
						CreatedOnToolsVersion = 12.2;
					};
				};
			};
			buildConfigurationList = 741EA4E12587B35B003CF25B /* Build configuration list for PBXProject "GetMyLocation" */;
			compatibilityVersion = "Xcode 9.3";
			developmentRegion = en;
			hasScannedForEncodings = 0;
			knownRegions = (
				en,
				Base,
			);
			mainGroup = 741EA4DD2587B35B003CF25B;
			productRefGroup = 741EA4E72587B35B003CF25B /* Products */;
			projectDirPath = "";
			projectRoot = "";
			targets = (
				741EA4E52587B35B003CF25B /* GetMyLocation */,
			);
		};
/* End PBXProject section */

/* Begin PBXResourcesBuildPhase section */
		741EA4E42587B35B003CF25B /* Resources */ = {
			isa = PBXResourcesBuildPhase;
			buildActionMask = 2147483647;
			files = (
				741EA4F12587B35D003CF25B /* Preview Assets.xcassets in Resources */,
				741EA4EE2587B35D003CF25B /* Assets.xcassets in Resources */,
			);
			runOnlyForDeploymentPostprocessing = 0;
		};
/* End PBXResourcesBuildPhase section */

/* Begin PBXSourcesBuildPhase section */
		741EA4E22587B35B003CF25B /* Sources */ = {
			isa = PBXSourcesBuildPhase;
			buildActionMask = 2147483647;
			files = (
				741EA51625881571003CF25B /* MapView.swift in Sources */,
				741EA4EC2587B35B003CF25B /* ContentView.swift in Sources */,
				741EA4EA2587B35B003CF25B /* GetMyLocationApp.swift in Sources */,
				7406ED3525886646003C9D1D /* LocationContentView.swift in Sources */,
				741EA50725880689003CF25B /* LocationInfoView.swift in Sources */,
				741EA4FA2587B430003CF25B /* CoreLocationManager.swift in Sources */,
				741EA503258805B9003CF25B /* PermissionNotGrantedView.swift in Sources */,
			);
			runOnlyForDeploymentPostprocessing = 0;
		};
/* End PBXSourcesBuildPhase section */

/* Begin XCBuildConfiguration section */
		741EA4F32587B35D003CF25B /* Debug */ = {
			isa = XCBuildConfiguration;
			buildSettings = {
				ALWAYS_SEARCH_USER_PATHS = NO;
				CLANG_ANALYZER_NONNULL = YES;
				CLANG_ANALYZER_NUMBER_OBJECT_CONVERSION = YES_AGGRESSIVE;
				CLANG_CXX_LANGUAGE_STANDARD = "gnu++14";
				CLANG_CXX_LIBRARY = "libc++";
				CLANG_ENABLE_MODULES = YES;
				CLANG_ENABLE_OBJC_ARC = YES;
				CLANG_ENABLE_OBJC_WEAK = YES;
				CLANG_WARN_BLOCK_CAPTURE_AUTORELEASING = YES;
				CLANG_WARN_BOOL_CONVERSION = YES;
				CLANG_WARN_COMMA = YES;
				CLANG_WARN_CONSTANT_CONVERSION = YES;
				CLANG_WARN_DEPRECATED_OBJC_IMPLEMENTATIONS = YES;
				CLANG_WARN_DIRECT_OBJC_ISA_USAGE = YES_ERROR;
				CLANG_WARN_DOCUMENTATION_COMMENTS = YES;
				CLANG_WARN_EMPTY_BODY = YES;
				CLANG_WARN_ENUM_CONVERSION = YES;
				CLANG_WARN_INFINITE_RECURSION = YES;
				CLANG_WARN_INT_CONVERSION = YES;
				CLANG_WARN_NON_LITERAL_NULL_CONVERSION = YES;
				CLANG_WARN_OBJC_IMPLICIT_RETAIN_SELF = YES;
				CLANG_WARN_OBJC_LITERAL_CONVERSION = YES;
				CLANG_WARN_OBJC_ROOT_CLASS = YES_ERROR;
				CLANG_WARN_QUOTED_INCLUDE_IN_FRAMEWORK_HEADER = YES;
				CLANG_WARN_RANGE_LOOP_ANALYSIS = YES;
				CLANG_WARN_STRICT_PROTOTYPES = YES;
				CLANG_WARN_SUSPICIOUS_MOVE = YES;
				CLANG_WARN_UNGUARDED_AVAILABILITY = YES_AGGRESSIVE;
				CLANG_WARN_UNREACHABLE_CODE = YES;
				CLANG_WARN__DUPLICATE_METHOD_MATCH = YES;
				COPY_PHASE_STRIP = NO;
				DEBUG_INFORMATION_FORMAT = dwarf;
				ENABLE_STRICT_OBJC_MSGSEND = YES;
				ENABLE_TESTABILITY = YES;
				GCC_C_LANGUAGE_STANDARD = gnu11;
				GCC_DYNAMIC_NO_PIC = NO;
				GCC_NO_COMMON_BLOCKS = YES;
				GCC_OPTIMIZATION_LEVEL = 0;
				GCC_PREPROCESSOR_DEFINITIONS = (
					"DEBUG=1",
					"$(inherited)",
				);
				GCC_WARN_64_TO_32_BIT_CONVERSION = YES;
				GCC_WARN_ABOUT_RETURN_TYPE = YES_ERROR;
				GCC_WARN_UNDECLARED_SELECTOR = YES;
				GCC_WARN_UNINITIALIZED_AUTOS = YES_AGGRESSIVE;
				GCC_WARN_UNUSED_FUNCTION = YES;
				GCC_WARN_UNUSED_VARIABLE = YES;
				IPHONEOS_DEPLOYMENT_TARGET = 14.2;
				MTL_ENABLE_DEBUG_INFO = INCLUDE_SOURCE;
				MTL_FAST_MATH = YES;
				ONLY_ACTIVE_ARCH = YES;
				SDKROOT = iphoneos;
				SWIFT_ACTIVE_COMPILATION_CONDITIONS = DEBUG;
				SWIFT_OPTIMIZATION_LEVEL = "-Onone";
			};
			name = Debug;
		};
		741EA4F42587B35D003CF25B /* Release */ = {
			isa = XCBuildConfiguration;
			buildSettings = {
				ALWAYS_SEARCH_USER_PATHS = NO;
				CLANG_ANALYZER_NONNULL = YES;
				CLANG_ANALYZER_NUMBER_OBJECT_CONVERSION = YES_AGGRESSIVE;
				CLANG_CXX_LANGUAGE_STANDARD = "gnu++14";
				CLANG_CXX_LIBRARY = "libc++";
				CLANG_ENABLE_MODULES = YES;
				CLANG_ENABLE_OBJC_ARC = YES;
				CLANG_ENABLE_OBJC_WEAK = YES;
				CLANG_WARN_BLOCK_CAPTURE_AUTORELEASING = YES;
				CLANG_WARN_BOOL_CONVERSION = YES;
				CLANG_WARN_COMMA = YES;
				CLANG_WARN_CONSTANT_CONVERSION = YES;
				CLANG_WARN_DEPRECATED_OBJC_IMPLEMENTATIONS = YES;
				CLANG_WARN_DIRECT_OBJC_ISA_USAGE = YES_ERROR;
				CLANG_WARN_DOCUMENTATION_COMMENTS = YES;
				CLANG_WARN_EMPTY_BODY = YES;
				CLANG_WARN_ENUM_CONVERSION = YES;
				CLANG_WARN_INFINITE_RECURSION = YES;
				CLANG_WARN_INT_CONVERSION = YES;
				CLANG_WARN_NON_LITERAL_NULL_CONVERSION = YES;
				CLANG_WARN_OBJC_IMPLICIT_RETAIN_SELF = YES;
				CLANG_WARN_OBJC_LITERAL_CONVERSION = YES;
				CLANG_WARN_OBJC_ROOT_CLASS = YES_ERROR;
				CLANG_WARN_QUOTED_INCLUDE_IN_FRAMEWORK_HEADER = YES;
				CLANG_WARN_RANGE_LOOP_ANALYSIS = YES;
				CLANG_WARN_STRICT_PROTOTYPES = YES;
				CLANG_WARN_SUSPICIOUS_MOVE = YES;
				CLANG_WARN_UNGUARDED_AVAILABILITY = YES_AGGRESSIVE;
				CLANG_WARN_UNREACHABLE_CODE = YES;
				CLANG_WARN__DUPLICATE_METHOD_MATCH = YES;
				COPY_PHASE_STRIP = NO;
				DEBUG_INFORMATION_FORMAT = "dwarf-with-dsym";
				ENABLE_NS_ASSERTIONS = NO;
				ENABLE_STRICT_OBJC_MSGSEND = YES;
				GCC_C_LANGUAGE_STANDARD = gnu11;
				GCC_NO_COMMON_BLOCKS = YES;
				GCC_WARN_64_TO_32_BIT_CONVERSION = YES;
				GCC_WARN_ABOUT_RETURN_TYPE = YES_ERROR;
				GCC_WARN_UNDECLARED_SELECTOR = YES;
				GCC_WARN_UNINITIALIZED_AUTOS = YES_AGGRESSIVE;
				GCC_WARN_UNUSED_FUNCTION = YES;
				GCC_WARN_UNUSED_VARIABLE = YES;
				IPHONEOS_DEPLOYMENT_TARGET = 14.2;
				MTL_ENABLE_DEBUG_INFO = NO;
				MTL_FAST_MATH = YES;
				SDKROOT = iphoneos;
				SWIFT_COMPILATION_MODE = wholemodule;
				SWIFT_OPTIMIZATION_LEVEL = "-O";
				VALIDATE_PRODUCT = YES;
			};
			name = Release;
		};
		741EA4F62587B35D003CF25B /* Debug */ = {
			isa = XCBuildConfiguration;
			buildSettings = {
				ASSETCATALOG_COMPILER_APPICON_NAME = AppIcon;
				ASSETCATALOG_COMPILER_GLOBAL_ACCENT_COLOR_NAME = AccentColor;
				CODE_SIGN_STYLE = Automatic;
				DEVELOPMENT_ASSET_PATHS = "\"GetMyLocation/Preview Content\"";
				DEVELOPMENT_TEAM = 4NZ4H97M4S;
				ENABLE_PREVIEWS = YES;
				INFOPLIST_FILE = GetMyLocation/Info.plist;
				IPHONEOS_DEPLOYMENT_TARGET = 14.0;
				LD_RUNPATH_SEARCH_PATHS = (
					"$(inherited)",
					"@executable_path/Frameworks",
				);
				PRODUCT_BUNDLE_IDENTIFIER = personal.jessicamelanson.GetMyLocation;
				PRODUCT_NAME = "$(TARGET_NAME)";
				SWIFT_VERSION = 5.0;
				TARGETED_DEVICE_FAMILY = "1,2";
			};
			name = Debug;
		};
		741EA4F72587B35D003CF25B /* Release */ = {
			isa = XCBuildConfiguration;
			buildSettings = {
				ASSETCATALOG_COMPILER_APPICON_NAME = AppIcon;
				ASSETCATALOG_COMPILER_GLOBAL_ACCENT_COLOR_NAME = AccentColor;
				CODE_SIGN_STYLE = Automatic;
				DEVELOPMENT_ASSET_PATHS = "\"GetMyLocation/Preview Content\"";
				DEVELOPMENT_TEAM = 4NZ4H97M4S;
				ENABLE_PREVIEWS = YES;
				INFOPLIST_FILE = GetMyLocation/Info.plist;
				IPHONEOS_DEPLOYMENT_TARGET = 14.0;
				LD_RUNPATH_SEARCH_PATHS = (
					"$(inherited)",
					"@executable_path/Frameworks",
				);
				PRODUCT_BUNDLE_IDENTIFIER = personal.jessicamelanson.GetMyLocation;
				PRODUCT_NAME = "$(TARGET_NAME)";
				SWIFT_VERSION = 5.0;
				TARGETED_DEVICE_FAMILY = "1,2";
			};
			name = Release;
		};
/* End XCBuildConfiguration section */

/* Begin XCConfigurationList section */
		741EA4E12587B35B003CF25B /* Build configuration list for PBXProject "GetMyLocation" */ = {
			isa = XCConfigurationList;
			buildConfigurations = (
				741EA4F32587B35D003CF25B /* Debug */,
				741EA4F42587B35D003CF25B /* Release */,
			);
			defaultConfigurationIsVisible = 0;
			defaultConfigurationName = Release;
		};
		741EA4F52587B35D003CF25B /* Build configuration list for PBXNativeTarget "GetMyLocation" */ = {
			isa = XCConfigurationList;
			buildConfigurations = (
				741EA4F62587B35D003CF25B /* Debug */,
				741EA4F72587B35D003CF25B /* Release */,
			);
			defaultConfigurationIsVisible = 0;
			defaultConfigurationName = Release;
		};
/* End XCConfigurationList section */
	};
	rootObject = 741EA4DE2587B35B003CF25B /* Project object */;
}
